
Microsoft Visual Studio Solution File, Format Version 12.00
# Visual Studio Version 16
VisualStudioVersion = 16.0.29613.14
MinimumVisualStudioVersion = 10.0.40219.1
Project("{FAE04EC0-301F-11D3-BF4B-00C04F79EFBC}") = "ExercicioComposicao", "ExercicioComposicao\ExercicioComposicao.csproj", "{452ACEE4-71CA-430B-8979-30E627FA1397}"
EndProject
Global
	GlobalSection(SolutionConfigurationPlatforms) = preSolution
		Debug|Any CPU = Debug|Any CPU
		Release|Any CPU = Release|Any CPU
	EndGlobalSection
	GlobalSection(ProjectConfigurationPlatforms) = postSolution
		{452ACEE4-71CA-430B-8979-30E627FA1397}.Debug|Any CPU.ActiveCfg = Debug|Any CPU
		{452ACEE4-71CA-430B-8979-30E627FA1397}.Debug|Any CPU.Build.0 = Debug|Any CPU
		{452ACEE4-71CA-430B-8979-30E627FA1397}.Release|Any CPU.ActiveCfg = Release|Any CPU
		{452ACEE4-71CA-430B-8979-30E627FA1397}.Release|Any CPU.Build.0 = Release|Any CPU
	EndGlobalSection
	GlobalSection(SolutionProperties) = preSolution
		HideSolutionNode = FALSE
	EndGlobalSection
	GlobalSection(ExtensibilityGlobals) = postSolution
		SolutionGuid = {9A6863D7-1FC9-4845-B0D9-50ABFD849316}
	EndGlobalSection
EndGlobal
